
Microsoft Visual Studio Solution File, Format Version 12.00
# Visual Studio Version 17
VisualStudioVersion = 17.9.34701.34
MinimumVisualStudioVersion = 10.0.40219.1
Project("{FAE04EC0-301F-11D3-BF4B-00C04F79EFBC}") = "ACS_KStilesM7", "ACS_KStilesM7\ACS_KStilesM7.csproj", "{32559B99-2268-4C87-BFF1-6D68CDE8A7FF}"
EndProject
Project("{54435603-DBB4-11D2-8724-00A0C9A8B90C}") = "KadesClothesShop", "KadesClothesShop\KadesClothesShop.vdproj", "{B49C7013-E7EB-4B71-867C-7BC12BD91880}"
EndProject
Global
	GlobalSection(SolutionConfigurationPlatforms) = preSolution
		Debug|Any CPU = Debug|Any CPU
		Release|Any CPU = Release|Any CPU
	EndGlobalSection
	GlobalSection(ProjectConfigurationPlatforms) = postSolution
		{32559B99-2268-4C87-BFF1-6D68CDE8A7FF}.Debug|Any CPU.ActiveCfg = Debug|Any CPU
		{32559B99-2268-4C87-BFF1-6D68CDE8A7FF}.Debug|Any CPU.Build.0 = Debug|Any CPU
		{32559B99-2268-4C87-BFF1-6D68CDE8A7FF}.Release|Any CPU.ActiveCfg = Release|Any CPU
		{32559B99-2268-4C87-BFF1-6D68CDE8A7FF}.Release|Any CPU.Build.0 = Release|Any CPU
		{B49C7013-E7EB-4B71-867C-7BC12BD91880}.Debug|Any CPU.ActiveCfg = Debug
		{B49C7013-E7EB-4B71-867C-7BC12BD91880}.Release|Any CPU.ActiveCfg = Release
	EndGlobalSection
	GlobalSection(SolutionProperties) = preSolution
		HideSolutionNode = FALSE
	EndGlobalSection
	GlobalSection(ExtensibilityGlobals) = postSolution
		SolutionGuid = {3C3E2C6A-B6BF-4AE8-AFE0-194753FB827D}
	EndGlobalSection
EndGlobal
